
Microsoft Visual Studio Solution File, Format Version 12.00
# Visual Studio Version 16
VisualStudioVersion = 16.0.31321.278
MinimumVisualStudioVersion = 10.0.40219.1
Project("{FAE04EC0-301F-11D3-BF4B-00C04F79EFBC}") = "TONBRAINS.TELEGRAMOPENNETWORK.APP", "TONBRAINS.TELEGRAMOPENNETWORK.APP\TONBRAINS.TELEGRAMOPENNETWORK.APP.csproj", "{C8ACB105-EFF4-48CC-8B2A-1D4F444778F6}"
EndProject
Global
	GlobalSection(SolutionConfigurationPlatforms) = preSolution
		Debug|Any CPU = Debug|Any CPU
		Release|Any CPU = Release|Any CPU
	EndGlobalSection
	GlobalSection(ProjectConfigurationPlatforms) = postSolution
		{C8ACB105-EFF4-48CC-8B2A-1D4F444778F6}.Debug|Any CPU.ActiveCfg = Debug|Any CPU
		{C8ACB105-EFF4-48CC-8B2A-1D4F444778F6}.Debug|Any CPU.Build.0 = Debug|Any CPU
		{C8ACB105-EFF4-48CC-8B2A-1D4F444778F6}.Release|Any CPU.ActiveCfg = Release|Any CPU
		{C8ACB105-EFF4-48CC-8B2A-1D4F444778F6}.Release|Any CPU.Build.0 = Release|Any CPU
	EndGlobalSection
	GlobalSection(SolutionProperties) = preSolution
		HideSolutionNode = FALSE
	EndGlobalSection
	GlobalSection(ExtensibilityGlobals) = postSolution
		SolutionGuid = {19719A6E-637B-4769-A47E-1021B2F9DE17}
	EndGlobalSection
EndGlobal
